
Microsoft Visual Studio Solution File, Format Version 12.00
# Visual Studio Version 17
VisualStudioVersion = 17.5.2.0
MinimumVisualStudioVersion = 10.0.40219.1
Project("{FAE04EC0-301F-11D3-BF4B-00C04F79EFBC}") = "BookEcom.Api", "BookEcom.Api\BookEcom.Api.csproj", "{908BC28E-7600-1B50-98F7-25C3CABB9447}"
EndProject
Project("{FAE04EC0-301F-11D3-BF4B-00C04F79EFBC}") = "BookEcom.Domain", "BookEcom.Domain\BookEcom.Domain.csproj", "{CE008FDA-A928-49DD-9071-8378EB937E7F}"
EndProject
Project("{FAE04EC0-301F-11D3-BF4B-00C04F79EFBC}") = "BookEcom.Infrastructure", "BookEcom.Infrastructure\BookEcom.Infrastructure.csproj", "{7B29000A-0B66-4E45-B276-7520DE99683F}"
EndProject
Project("{FAE04EC0-301F-11D3-BF4B-00C04F79EFBC}") = "BookEcom.Application", "BookEcom.Application\BookEcom.Application.csproj", "{E3D0DE58-BC4D-464A-866B-4566244B9622}"
EndProject
Global
	GlobalSection(SolutionConfigurationPlatforms) = preSolution
		Debug|Any CPU = Debug|Any CPU
		Debug|x64 = Debug|x64
		Debug|x86 = Debug|x86
		Release|Any CPU = Release|Any CPU
		Release|x64 = Release|x64
		Release|x86 = Release|x86
	EndGlobalSection
	GlobalSection(ProjectConfigurationPlatforms) = postSolution
		{908BC28E-7600-1B50-98F7-25C3CABB9447}.Debug|Any CPU.ActiveCfg = Debug|Any CPU
		{908BC28E-7600-1B50-98F7-25C3CABB9447}.Debug|Any CPU.Build.0 = Debug|Any CPU
		{908BC28E-7600-1B50-98F7-25C3CABB9447}.Debug|x64.ActiveCfg = Debug|Any CPU
		{908BC28E-7600-1B50-98F7-25C3CABB9447}.Debug|x64.Build.0 = Debug|Any CPU
		{908BC28E-7600-1B50-98F7-25C3CABB9447}.Debug|x86.ActiveCfg = Debug|Any CPU
		{908BC28E-7600-1B50-98F7-25C3CABB9447}.Debug|x86.Build.0 = Debug|Any CPU
		{908BC28E-7600-1B50-98F7-25C3CABB9447}.Release|Any CPU.ActiveCfg = Release|Any CPU
		{908BC28E-7600-1B50-98F7-25C3CABB9447}.Release|Any CPU.Build.0 = Release|Any CPU
		{908BC28E-7600-1B50-98F7-25C3CABB9447}.Release|x64.ActiveCfg = Release|Any CPU
		{908BC28E-7600-1B50-98F7-25C3CABB9447}.Release|x64.Build.0 = Release|Any CPU
		{908BC28E-7600-1B50-98F7-25C3CABB9447}.Release|x86.ActiveCfg = Release|Any CPU
		{908BC28E-7600-1B50-98F7-25C3CABB9447}.Release|x86.Build.0 = Release|Any CPU
		{CE008FDA-A928-49DD-9071-8378EB937E7F}.Debug|Any CPU.ActiveCfg = Debug|Any CPU
		{CE008FDA-A928-49DD-9071-8378EB937E7F}.Debug|Any CPU.Build.0 = Debug|Any CPU
		{CE008FDA-A928-49DD-9071-8378EB937E7F}.Debug|x64.ActiveCfg = Debug|Any CPU
		{CE008FDA-A928-49DD-9071-8378EB937E7F}.Debug|x64.Build.0 = Debug|Any CPU
		{CE008FDA-A928-49DD-9071-8378EB937E7F}.Debug|x86.ActiveCfg = Debug|Any CPU
		{CE008FDA-A928-49DD-9071-8378EB937E7F}.Debug|x86.Build.0 = Debug|Any CPU
		{CE008FDA-A928-49DD-9071-8378EB937E7F}.Release|Any CPU.ActiveCfg = Release|Any CPU
		{CE008FDA-A928-49DD-9071-8378EB937E7F}.Release|Any CPU.Build.0 = Release|Any CPU
		{CE008FDA-A928-49DD-9071-8378EB937E7F}.Release|x64.ActiveCfg = Release|Any CPU
		{CE008FDA-A928-49DD-9071-8378EB937E7F}.Release|x64.Build.0 = Release|Any CPU
		{CE008FDA-A928-49DD-9071-8378EB937E7F}.Release|x86.ActiveCfg = Release|Any CPU
		{CE008FDA-A928-49DD-9071-8378EB937E7F}.Release|x86.Build.0 = Release|Any CPU
		{7B29000A-0B66-4E45-B276-7520DE99683F}.Debug|Any CPU.ActiveCfg = Debug|Any CPU
		{7B29000A-0B66-4E45-B276-7520DE99683F}.Debug|Any CPU.Build.0 = Debug|Any CPU
		{7B29000A-0B66-4E45-B276-7520DE99683F}.Debug|x64.ActiveCfg = Debug|Any CPU
		{7B29000A-0B66-4E45-B276-7520DE99683F}.Debug|x64.Build.0 = Debug|Any CPU
		{7B29000A-0B66-4E45-B276-7520DE99683F}.Debug|x86.ActiveCfg = Debug|Any CPU
		{7B29000A-0B66-4E45-B276-7520DE99683F}.Debug|x86.Build.0 = Debug|Any CPU
		{7B29000A-0B66-4E45-B276-7520DE99683F}.Release|Any CPU.ActiveCfg = Release|Any CPU
		{7B29000A-0B66-4E45-B276-7520DE99683F}.Release|Any CPU.Build.0 = Release|Any CPU
		{7B29000A-0B66-4E45-B276-7520DE99683F}.Release|x64.ActiveCfg = Release|Any CPU
		{7B29000A-0B66-4E45-B276-7520DE99683F}.Release|x64.Build.0 = Release|Any CPU
		{7B29000A-0B66-4E45-B276-7520DE99683F}.Release|x86.ActiveCfg = Release|Any CPU
		{7B29000A-0B66-4E45-B276-7520DE99683F}.Release|x86.Build.0 = Release|Any CPU
		{E3D0DE58-BC4D-464A-866B-4566244B9622}.Debug|Any CPU.ActiveCfg = Debug|Any CPU
		{E3D0DE58-BC4D-464A-866B-4566244B9622}.Debug|Any CPU.Build.0 = Debug|Any CPU
		{E3D0DE58-BC4D-464A-866B-4566244B9622}.Debug|x64.ActiveCfg = Debug|Any CPU
		{E3D0DE58-BC4D-464A-866B-4566244B9622}.Debug|x64.Build.0 = Debug|Any CPU
		{E3D0DE58-BC4D-464A-866B-4566244B9622}.Debug|x86.ActiveCfg = Debug|Any CPU
		{E3D0DE58-BC4D-464A-866B-4566244B9622}.Debug|x86.Build.0 = Debug|Any CPU
		{E3D0DE58-BC4D-464A-866B-4566244B9622}.Release|Any CPU.ActiveCfg = Release|Any CPU
		{E3D0DE58-BC4D-464A-866B-4566244B9622}.Release|Any CPU.Build.0 = Release|Any CPU
		{E3D0DE58-BC4D-464A-866B-4566244B9622}.Release|x64.ActiveCfg = Release|Any CPU
		{E3D0DE58-BC4D-464A-866B-4566244B9622}.Release|x64.Build.0 = Release|Any CPU
		{E3D0DE58-BC4D-464A-866B-4566244B9622}.Release|x86.ActiveCfg = Release|Any CPU
		{E3D0DE58-BC4D-464A-866B-4566244B9622}.Release|x86.Build.0 = Release|Any CPU
	EndGlobalSection
	GlobalSection(SolutionProperties) = preSolution
		HideSolutionNode = FALSE
	EndGlobalSection
	GlobalSection(ExtensibilityGlobals) = postSolution
		SolutionGuid = {59EC85C8-6BB3-40BF-83FA-312D2AE46C37}
	EndGlobalSection
EndGlobal
